
Microsoft Visual Studio Solution File, Format Version 12.00
Project("{2150E333-8FDC-42A3-9474-1A3956D46DE8}") = "Presentations", "Presentations", "{366BBF7A-E2FA-4374-8570-F04877B3E0FB}"
EndProject
Project("{2150E333-8FDC-42A3-9474-1A3956D46DE8}") = "BuildingBlocks", "BuildingBlocks", "{B4ED24AA-0126-4102-855D-9033EB31A686}"
EndProject
Project("{2150E333-8FDC-42A3-9474-1A3956D46DE8}") = "Modules", "Modules", "{5BE6BF59-346A-4D94-8D9F-39B9A6899E9D}"
EndProject
Project("{FAE04EC0-301F-11D3-BF4B-00C04F79EFBC}") = "WebApi", "Presentations\WebApi\WebApi.csproj", "{36671672-5BF4-47A6-8D4A-2CB2471D28FD}"
EndProject
Project("{FAE04EC0-301F-11D3-BF4B-00C04F79EFBC}") = "BuildingBlocks.Shared", "BuildingBlocks\BuildingBlocks.Shared\BuildingBlocks.Shared.csproj", "{E1FBCB25-7E2C-4AB6-8C42-BFE77B1F90C6}"
EndProject
Project("{2150E333-8FDC-42A3-9474-1A3956D46DE8}") = "Infrastructure", "Infrastructure", "{F5B6C429-5A12-42B2-ABBE-24521E28E9C1}"
EndProject
Project("{FAE04EC0-301F-11D3-BF4B-00C04F79EFBC}") = "BuildingBlocks.Infrastructure.Persistence", "BuildingBlocks\Infrastructure\BuildingBlocks.Infrastructure.Persistence\BuildingBlocks.Infrastructure.Persistence.csproj", "{7E853499-3448-4EFE-9876-50004DF01707}"
EndProject
Project("{FAE04EC0-301F-11D3-BF4B-00C04F79EFBC}") = "BuildingBlocks.Infrastructure.Identity", "BuildingBlocks\Infrastructure\BuildingBlocks.Infrastructure.Identity\BuildingBlocks.Infrastructure.Identity.csproj", "{6593CA28-24D5-4C8A-B96A-698931C5F5BA}"
EndProject
Project("{FAE04EC0-301F-11D3-BF4B-00C04F79EFBC}") = "Modules.Exercise", "Modules\Modules.Exercise\Modules.Exercise.csproj", "{339AB544-7B0D-41BE-BCB8-DA62D3D4EABB}"
EndProject
Project("{2150E333-8FDC-42A3-9474-1A3956D46DE8}") = "Application", "Application", "{602B746E-0810-4C58-A42F-BAC72F47F0DE}"
EndProject
Project("{FAE04EC0-301F-11D3-BF4B-00C04F79EFBC}") = "BuildingBlocks.Application", "BuildingBlocks\Application\BuildingBlocks.Application\BuildingBlocks.Application.csproj", "{BD1A6C79-7D03-4DA0-BC65-B1E36DF06DF8}"
EndProject
Project("{FAE04EC0-301F-11D3-BF4B-00C04F79EFBC}") = "Modules.Identity", "Modules\Modules.Identity\Modules.Identity.csproj", "{579C4C5C-BE6D-435F-B2A6-1ED4BE434A42}"
EndProject
Project("{FAE04EC0-301F-11D3-BF4B-00C04F79EFBC}") = "Modules.User", "Modules\Modules.User\Modules.User.csproj", "{3EA8F935-D825-4E8E-B44F-4DF070C70FF5}"
EndProject
Project("{FAE04EC0-301F-11D3-BF4B-00C04F79EFBC}") = "Modules.WorkoutPlan", "Modules\Modules.WorkoutPlan\Modules.WorkoutPlan.csproj", "{DB376DA3-A773-46FA-89A1-E17A369A7B4E}"
EndProject
Project("{FAE04EC0-301F-11D3-BF4B-00C04F79EFBC}") = "Modules.WorkoutSession", "Modules\Modules.WorkoutSession\Modules.WorkoutSession.csproj", "{150A1C43-97CC-40D7-B1F2-CDA1E23A171B}"
EndProject
Project("{2150E333-8FDC-42A3-9474-1A3956D46DE8}") = "Tests", "Tests", "{0AB3BF05-4346-4AA6-1389-037BE0695223}"
EndProject
Project("{FAE04EC0-301F-11D3-BF4B-00C04F79EFBC}") = "Gymbro.Tests", "Tests\Gymbro.Tests.csproj", "{B2D26C25-4044-421C-BC15-CEFBFDBFCAC1}"
EndProject
Global
	GlobalSection(SolutionConfigurationPlatforms) = preSolution
		Debug|Any CPU = Debug|Any CPU
		Debug|x64 = Debug|x64
		Debug|x86 = Debug|x86
		Release|Any CPU = Release|Any CPU
		Release|x64 = Release|x64
		Release|x86 = Release|x86
	EndGlobalSection
	GlobalSection(ProjectConfigurationPlatforms) = postSolution
		{36671672-5BF4-47A6-8D4A-2CB2471D28FD}.Debug|Any CPU.ActiveCfg = Debug|Any CPU
		{36671672-5BF4-47A6-8D4A-2CB2471D28FD}.Debug|Any CPU.Build.0 = Debug|Any CPU
		{36671672-5BF4-47A6-8D4A-2CB2471D28FD}.Debug|x64.ActiveCfg = Debug|Any CPU
		{36671672-5BF4-47A6-8D4A-2CB2471D28FD}.Debug|x64.Build.0 = Debug|Any CPU
		{36671672-5BF4-47A6-8D4A-2CB2471D28FD}.Debug|x86.ActiveCfg = Debug|Any CPU
		{36671672-5BF4-47A6-8D4A-2CB2471D28FD}.Debug|x86.Build.0 = Debug|Any CPU
		{36671672-5BF4-47A6-8D4A-2CB2471D28FD}.Release|Any CPU.ActiveCfg = Release|Any CPU
		{36671672-5BF4-47A6-8D4A-2CB2471D28FD}.Release|Any CPU.Build.0 = Release|Any CPU
		{36671672-5BF4-47A6-8D4A-2CB2471D28FD}.Release|x64.ActiveCfg = Release|Any CPU
		{36671672-5BF4-47A6-8D4A-2CB2471D28FD}.Release|x64.Build.0 = Release|Any CPU
		{36671672-5BF4-47A6-8D4A-2CB2471D28FD}.Release|x86.ActiveCfg = Release|Any CPU
		{36671672-5BF4-47A6-8D4A-2CB2471D28FD}.Release|x86.Build.0 = Release|Any CPU
		{E1FBCB25-7E2C-4AB6-8C42-BFE77B1F90C6}.Debug|Any CPU.ActiveCfg = Debug|Any CPU
		{E1FBCB25-7E2C-4AB6-8C42-BFE77B1F90C6}.Debug|Any CPU.Build.0 = Debug|Any CPU
		{E1FBCB25-7E2C-4AB6-8C42-BFE77B1F90C6}.Debug|x64.ActiveCfg = Debug|Any CPU
		{E1FBCB25-7E2C-4AB6-8C42-BFE77B1F90C6}.Debug|x64.Build.0 = Debug|Any CPU
		{E1FBCB25-7E2C-4AB6-8C42-BFE77B1F90C6}.Debug|x86.ActiveCfg = Debug|Any CPU
		{E1FBCB25-7E2C-4AB6-8C42-BFE77B1F90C6}.Debug|x86.Build.0 = Debug|Any CPU
		{E1FBCB25-7E2C-4AB6-8C42-BFE77B1F90C6}.Release|Any CPU.ActiveCfg = Release|Any CPU
		{E1FBCB25-7E2C-4AB6-8C42-BFE77B1F90C6}.Release|Any CPU.Build.0 = Release|Any CPU
		{E1FBCB25-7E2C-4AB6-8C42-BFE77B1F90C6}.Release|x64.ActiveCfg = Release|Any CPU
		{E1FBCB25-7E2C-4AB6-8C42-BFE77B1F90C6}.Release|x64.Build.0 = Release|Any CPU
		{E1FBCB25-7E2C-4AB6-8C42-BFE77B1F90C6}.Release|x86.ActiveCfg = Release|Any CPU
		{E1FBCB25-7E2C-4AB6-8C42-BFE77B1F90C6}.Release|x86.Build.0 = Release|Any CPU
		{7E853499-3448-4EFE-9876-50004DF01707}.Debug|Any CPU.ActiveCfg = Debug|Any CPU
		{7E853499-3448-4EFE-9876-50004DF01707}.Debug|Any CPU.Build.0 = Debug|Any CPU
		{7E853499-3448-4EFE-9876-50004DF01707}.Debug|x64.ActiveCfg = Debug|Any CPU
		{7E853499-3448-4EFE-9876-50004DF01707}.Debug|x64.Build.0 = Debug|Any CPU
		{7E853499-3448-4EFE-9876-50004DF01707}.Debug|x86.ActiveCfg = Debug|Any CPU
		{7E853499-3448-4EFE-9876-50004DF01707}.Debug|x86.Build.0 = Debug|Any CPU
		{7E853499-3448-4EFE-9876-50004DF01707}.Release|Any CPU.ActiveCfg = Release|Any CPU
		{7E853499-3448-4EFE-9876-50004DF01707}.Release|Any CPU.Build.0 = Release|Any CPU
		{7E853499-3448-4EFE-9876-50004DF01707}.Release|x64.ActiveCfg = Release|Any CPU
		{7E853499-3448-4EFE-9876-50004DF01707}.Release|x64.Build.0 = Release|Any CPU
		{7E853499-3448-4EFE-9876-50004DF01707}.Release|x86.ActiveCfg = Release|Any CPU
		{7E853499-3448-4EFE-9876-50004DF01707}.Release|x86.Build.0 = Release|Any CPU
		{6593CA28-24D5-4C8A-B96A-698931C5F5BA}.Debug|Any CPU.ActiveCfg = Debug|Any CPU
		{6593CA28-24D5-4C8A-B96A-698931C5F5BA}.Debug|Any CPU.Build.0 = Debug|Any CPU
		{6593CA28-24D5-4C8A-B96A-698931C5F5BA}.Debug|x64.ActiveCfg = Debug|Any CPU
		{6593CA28-24D5-4C8A-B96A-698931C5F5BA}.Debug|x64.Build.0 = Debug|Any CPU
		{6593CA28-24D5-4C8A-B96A-698931C5F5BA}.Debug|x86.ActiveCfg = Debug|Any CPU
		{6593CA28-24D5-4C8A-B96A-698931C5F5BA}.Debug|x86.Build.0 = Debug|Any CPU
		{6593CA28-24D5-4C8A-B96A-698931C5F5BA}.Release|Any CPU.ActiveCfg = Release|Any CPU
		{6593CA28-24D5-4C8A-B96A-698931C5F5BA}.Release|Any CPU.Build.0 = Release|Any CPU
		{6593CA28-24D5-4C8A-B96A-698931C5F5BA}.Release|x64.ActiveCfg = Release|Any CPU
		{6593CA28-24D5-4C8A-B96A-698931C5F5BA}.Release|x64.Build.0 = Release|Any CPU
		{6593CA28-24D5-4C8A-B96A-698931C5F5BA}.Release|x86.ActiveCfg = Release|Any CPU
		{6593CA28-24D5-4C8A-B96A-698931C5F5BA}.Release|x86.Build.0 = Release|Any CPU
		{339AB544-7B0D-41BE-BCB8-DA62D3D4EABB}.Debug|Any CPU.ActiveCfg = Debug|Any CPU
		{339AB544-7B0D-41BE-BCB8-DA62D3D4EABB}.Debug|Any CPU.Build.0 = Debug|Any CPU
		{339AB544-7B0D-41BE-BCB8-DA62D3D4EABB}.Debug|x64.ActiveCfg = Debug|Any CPU
		{339AB544-7B0D-41BE-BCB8-DA62D3D4EABB}.Debug|x64.Build.0 = Debug|Any CPU
		{339AB544-7B0D-41BE-BCB8-DA62D3D4EABB}.Debug|x86.ActiveCfg = Debug|Any CPU
		{339AB544-7B0D-41BE-BCB8-DA62D3D4EABB}.Debug|x86.Build.0 = Debug|Any CPU
		{339AB544-7B0D-41BE-BCB8-DA62D3D4EABB}.Release|Any CPU.ActiveCfg = Release|Any CPU
		{339AB544-7B0D-41BE-BCB8-DA62D3D4EABB}.Release|Any CPU.Build.0 = Release|Any CPU
		{339AB544-7B0D-41BE-BCB8-DA62D3D4EABB}.Release|x64.ActiveCfg = Release|Any CPU
		{339AB544-7B0D-41BE-BCB8-DA62D3D4EABB}.Release|x64.Build.0 = Release|Any CPU
		{339AB544-7B0D-41BE-BCB8-DA62D3D4EABB}.Release|x86.ActiveCfg = Release|Any CPU
		{339AB544-7B0D-41BE-BCB8-DA62D3D4EABB}.Release|x86.Build.0 = Release|Any CPU
		{BD1A6C79-7D03-4DA0-BC65-B1E36DF06DF8}.Debug|Any CPU.ActiveCfg = Debug|Any CPU
		{BD1A6C79-7D03-4DA0-BC65-B1E36DF06DF8}.Debug|Any CPU.Build.0 = Debug|Any CPU
		{BD1A6C79-7D03-4DA0-BC65-B1E36DF06DF8}.Debug|x64.ActiveCfg = Debug|Any CPU
		{BD1A6C79-7D03-4DA0-BC65-B1E36DF06DF8}.Debug|x64.Build.0 = Debug|Any CPU
		{BD1A6C79-7D03-4DA0-BC65-B1E36DF06DF8}.Debug|x86.ActiveCfg = Debug|Any CPU
		{BD1A6C79-7D03-4DA0-BC65-B1E36DF06DF8}.Debug|x86.Build.0 = Debug|Any CPU
		{BD1A6C79-7D03-4DA0-BC65-B1E36DF06DF8}.Release|Any CPU.ActiveCfg = Release|Any CPU
		{BD1A6C79-7D03-4DA0-BC65-B1E36DF06DF8}.Release|Any CPU.Build.0 = Release|Any CPU
		{BD1A6C79-7D03-4DA0-BC65-B1E36DF06DF8}.Release|x64.ActiveCfg = Release|Any CPU
		{BD1A6C79-7D03-4DA0-BC65-B1E36DF06DF8}.Release|x64.Build.0 = Release|Any CPU
		{BD1A6C79-7D03-4DA0-BC65-B1E36DF06DF8}.Release|x86.ActiveCfg = Release|Any CPU
		{BD1A6C79-7D03-4DA0-BC65-B1E36DF06DF8}.Release|x86.Build.0 = Release|Any CPU
		{579C4C5C-BE6D-435F-B2A6-1ED4BE434A42}.Debug|Any CPU.ActiveCfg = Debug|Any CPU
		{579C4C5C-BE6D-435F-B2A6-1ED4BE434A42}.Debug|Any CPU.Build.0 = Debug|Any CPU
		{579C4C5C-BE6D-435F-B2A6-1ED4BE434A42}.Debug|x64.ActiveCfg = Debug|Any CPU
		{579C4C5C-BE6D-435F-B2A6-1ED4BE434A42}.Debug|x64.Build.0 = Debug|Any CPU
		{579C4C5C-BE6D-435F-B2A6-1ED4BE434A42}.Debug|x86.ActiveCfg = Debug|Any CPU
		{579C4C5C-BE6D-435F-B2A6-1ED4BE434A42}.Debug|x86.Build.0 = Debug|Any CPU
		{579C4C5C-BE6D-435F-B2A6-1ED4BE434A42}.Release|Any CPU.ActiveCfg = Release|Any CPU
		{579C4C5C-BE6D-435F-B2A6-1ED4BE434A42}.Release|Any CPU.Build.0 = Release|Any CPU
		{579C4C5C-BE6D-435F-B2A6-1ED4BE434A42}.Release|x64.ActiveCfg = Release|Any CPU
		{579C4C5C-BE6D-435F-B2A6-1ED4BE434A42}.Release|x64.Build.0 = Release|Any CPU
		{579C4C5C-BE6D-435F-B2A6-1ED4BE434A42}.Release|x86.ActiveCfg = Release|Any CPU
		{579C4C5C-BE6D-435F-B2A6-1ED4BE434A42}.Release|x86.Build.0 = Release|Any CPU
		{3EA8F935-D825-4E8E-B44F-4DF070C70FF5}.Debug|Any CPU.ActiveCfg = Debug|Any CPU
		{3EA8F935-D825-4E8E-B44F-4DF070C70FF5}.Debug|Any CPU.Build.0 = Debug|Any CPU
		{3EA8F935-D825-4E8E-B44F-4DF070C70FF5}.Debug|x64.ActiveCfg = Debug|Any CPU
		{3EA8F935-D825-4E8E-B44F-4DF070C70FF5}.Debug|x64.Build.0 = Debug|Any CPU
		{3EA8F935-D825-4E8E-B44F-4DF070C70FF5}.Debug|x86.ActiveCfg = Debug|Any CPU
		{3EA8F935-D825-4E8E-B44F-4DF070C70FF5}.Debug|x86.Build.0 = Debug|Any CPU
		{3EA8F935-D825-4E8E-B44F-4DF070C70FF5}.Release|Any CPU.ActiveCfg = Release|Any CPU
		{3EA8F935-D825-4E8E-B44F-4DF070C70FF5}.Release|Any CPU.Build.0 = Release|Any CPU
		{3EA8F935-D825-4E8E-B44F-4DF070C70FF5}.Release|x64.ActiveCfg = Release|Any CPU
		{3EA8F935-D825-4E8E-B44F-4DF070C70FF5}.Release|x64.Build.0 = Release|Any CPU
		{3EA8F935-D825-4E8E-B44F-4DF070C70FF5}.Release|x86.ActiveCfg = Release|Any CPU
		{3EA8F935-D825-4E8E-B44F-4DF070C70FF5}.Release|x86.Build.0 = Release|Any CPU
		{DB376DA3-A773-46FA-89A1-E17A369A7B4E}.Debug|Any CPU.ActiveCfg = Debug|Any CPU
		{DB376DA3-A773-46FA-89A1-E17A369A7B4E}.Debug|Any CPU.Build.0 = Debug|Any CPU
		{DB376DA3-A773-46FA-89A1-E17A369A7B4E}.Debug|x64.ActiveCfg = Debug|Any CPU
		{DB376DA3-A773-46FA-89A1-E17A369A7B4E}.Debug|x64.Build.0 = Debug|Any CPU
		{DB376DA3-A773-46FA-89A1-E17A369A7B4E}.Debug|x86.ActiveCfg = Debug|Any CPU
		{DB376DA3-A773-46FA-89A1-E17A369A7B4E}.Debug|x86.Build.0 = Debug|Any CPU
		{DB376DA3-A773-46FA-89A1-E17A369A7B4E}.Release|Any CPU.ActiveCfg = Release|Any CPU
		{DB376DA3-A773-46FA-89A1-E17A369A7B4E}.Release|Any CPU.Build.0 = Release|Any CPU
		{DB376DA3-A773-46FA-89A1-E17A369A7B4E}.Release|x64.ActiveCfg = Release|Any CPU
		{DB376DA3-A773-46FA-89A1-E17A369A7B4E}.Release|x64.Build.0 = Release|Any CPU
		{DB376DA3-A773-46FA-89A1-E17A369A7B4E}.Release|x86.ActiveCfg = Release|Any CPU
		{DB376DA3-A773-46FA-89A1-E17A369A7B4E}.Release|x86.Build.0 = Release|Any CPU
		{150A1C43-97CC-40D7-B1F2-CDA1E23A171B}.Debug|Any CPU.ActiveCfg = Debug|Any CPU
		{150A1C43-97CC-40D7-B1F2-CDA1E23A171B}.Debug|Any CPU.Build.0 = Debug|Any CPU
		{150A1C43-97CC-40D7-B1F2-CDA1E23A171B}.Debug|x64.ActiveCfg = Debug|Any CPU
		{150A1C43-97CC-40D7-B1F2-CDA1E23A171B}.Debug|x64.Build.0 = Debug|Any CPU
		{150A1C43-97CC-40D7-B1F2-CDA1E23A171B}.Debug|x86.ActiveCfg = Debug|Any CPU
		{150A1C43-97CC-40D7-B1F2-CDA1E23A171B}.Debug|x86.Build.0 = Debug|Any CPU
		{150A1C43-97CC-40D7-B1F2-CDA1E23A171B}.Release|Any CPU.ActiveCfg = Release|Any CPU
		{150A1C43-97CC-40D7-B1F2-CDA1E23A171B}.Release|Any CPU.Build.0 = Release|Any CPU
		{150A1C43-97CC-40D7-B1F2-CDA1E23A171B}.Release|x64.ActiveCfg = Release|Any CPU
		{150A1C43-97CC-40D7-B1F2-CDA1E23A171B}.Release|x64.Build.0 = Release|Any CPU
		{150A1C43-97CC-40D7-B1F2-CDA1E23A171B}.Release|x86.ActiveCfg = Release|Any CPU
		{150A1C43-97CC-40D7-B1F2-CDA1E23A171B}.Release|x86.Build.0 = Release|Any CPU
		{B2D26C25-4044-421C-BC15-CEFBFDBFCAC1}.Debug|Any CPU.ActiveCfg = Debug|Any CPU
		{B2D26C25-4044-421C-BC15-CEFBFDBFCAC1}.Debug|Any CPU.Build.0 = Debug|Any CPU
		{B2D26C25-4044-421C-BC15-CEFBFDBFCAC1}.Debug|x64.ActiveCfg = Debug|Any CPU
		{B2D26C25-4044-421C-BC15-CEFBFDBFCAC1}.Debug|x64.Build.0 = Debug|Any CPU
		{B2D26C25-4044-421C-BC15-CEFBFDBFCAC1}.Debug|x86.ActiveCfg = Debug|Any CPU
		{B2D26C25-4044-421C-BC15-CEFBFDBFCAC1}.Debug|x86.Build.0 = Debug|Any CPU
		{B2D26C25-4044-421C-BC15-CEFBFDBFCAC1}.Release|Any CPU.ActiveCfg = Release|Any CPU
		{B2D26C25-4044-421C-BC15-CEFBFDBFCAC1}.Release|Any CPU.Build.0 = Release|Any CPU
		{B2D26C25-4044-421C-BC15-CEFBFDBFCAC1}.Release|x64.ActiveCfg = Release|Any CPU
		{B2D26C25-4044-421C-BC15-CEFBFDBFCAC1}.Release|x64.Build.0 = Release|Any CPU
		{B2D26C25-4044-421C-BC15-CEFBFDBFCAC1}.Release|x86.ActiveCfg = Release|Any CPU
		{B2D26C25-4044-421C-BC15-CEFBFDBFCAC1}.Release|x86.Build.0 = Release|Any CPU
	EndGlobalSection
	GlobalSection(SolutionProperties) = preSolution
		HideSolutionNode = FALSE
	EndGlobalSection
	GlobalSection(NestedProjects) = preSolution
		{36671672-5BF4-47A6-8D4A-2CB2471D28FD} = {366BBF7A-E2FA-4374-8570-F04877B3E0FB}
		{E1FBCB25-7E2C-4AB6-8C42-BFE77B1F90C6} = {B4ED24AA-0126-4102-855D-9033EB31A686}
		{F5B6C429-5A12-42B2-ABBE-24521E28E9C1} = {B4ED24AA-0126-4102-855D-9033EB31A686}
		{7E853499-3448-4EFE-9876-50004DF01707} = {F5B6C429-5A12-42B2-ABBE-24521E28E9C1}
		{6593CA28-24D5-4C8A-B96A-698931C5F5BA} = {F5B6C429-5A12-42B2-ABBE-24521E28E9C1}
		{339AB544-7B0D-41BE-BCB8-DA62D3D4EABB} = {5BE6BF59-346A-4D94-8D9F-39B9A6899E9D}
		{602B746E-0810-4C58-A42F-BAC72F47F0DE} = {B4ED24AA-0126-4102-855D-9033EB31A686}
		{BD1A6C79-7D03-4DA0-BC65-B1E36DF06DF8} = {602B746E-0810-4C58-A42F-BAC72F47F0DE}
		{579C4C5C-BE6D-435F-B2A6-1ED4BE434A42} = {5BE6BF59-346A-4D94-8D9F-39B9A6899E9D}
		{3EA8F935-D825-4E8E-B44F-4DF070C70FF5} = {5BE6BF59-346A-4D94-8D9F-39B9A6899E9D}
		{DB376DA3-A773-46FA-89A1-E17A369A7B4E} = {5BE6BF59-346A-4D94-8D9F-39B9A6899E9D}
		{150A1C43-97CC-40D7-B1F2-CDA1E23A171B} = {5BE6BF59-346A-4D94-8D9F-39B9A6899E9D}
		{B2D26C25-4044-421C-BC15-CEFBFDBFCAC1} = {0AB3BF05-4346-4AA6-1389-037BE0695223}
	EndGlobalSection
EndGlobal
